
Microsoft Visual Studio Solution File, Format Version 12.00
# Visual Studio Version 17
VisualStudioVersion = 17.1.32210.238
MinimumVisualStudioVersion = 10.0.40219.1
Project("{FAE04EC0-301F-11D3-BF4B-00C04F79EFBC}") = "ExpenseTracker", "ExpenseTracker\ExpenseTracker.csproj", "{2204C4D9-AC9B-427B-9833-232C937FFBC6}"
EndProject
Global
	GlobalSection(SolutionConfigurationPlatforms) = preSolution
		Debug|Any CPU = Debug|Any CPU
		Release|Any CPU = Release|Any CPU
	EndGlobalSection
	GlobalSection(ProjectConfigurationPlatforms) = postSolution
		{2204C4D9-AC9B-427B-9833-232C937FFBC6}.Debug|Any CPU.ActiveCfg = Debug|Any CPU
		{2204C4D9-AC9B-427B-9833-232C937FFBC6}.Debug|Any CPU.Build.0 = Debug|Any CPU
		{2204C4D9-AC9B-427B-9833-232C937FFBC6}.Release|Any CPU.ActiveCfg = Release|Any CPU
		{2204C4D9-AC9B-427B-9833-232C937FFBC6}.Release|Any CPU.Build.0 = Release|Any CPU
	EndGlobalSection
	GlobalSection(SolutionProperties) = preSolution
		HideSolutionNode = FALSE
	EndGlobalSection
	GlobalSection(ExtensibilityGlobals) = postSolution
		SolutionGuid = {2764706E-9AE4-404D-B816-0E442569C978}
	EndGlobalSection
EndGlobal
